
Microsoft Visual Studio Solution File, Format Version 12.00
# Visual Studio Version 17
VisualStudioVersion = 17.8.34525.116
MinimumVisualStudioVersion = 10.0.40219.1
Project("{FAE04EC0-301F-11D3-BF4B-00C04F79EFBC}") = "SquareFigure", "SquareFigure\SquareFigure.csproj", "{53E72A79-1F7B-4B13-8436-4F402997ED36}"
EndProject
Project("{FAE04EC0-301F-11D3-BF4B-00C04F79EFBC}") = "SquareFigureTests", "SquareFigureTests\SquareFigureTests.csproj", "{B250893E-AE5C-4B11-A133-60E1219C57CC}"
EndProject
Global
	GlobalSection(SolutionConfigurationPlatforms) = preSolution
		Debug|Any CPU = Debug|Any CPU
		Release|Any CPU = Release|Any CPU
	EndGlobalSection
	GlobalSection(ProjectConfigurationPlatforms) = postSolution
		{53E72A79-1F7B-4B13-8436-4F402997ED36}.Debug|Any CPU.ActiveCfg = Debug|Any CPU
		{53E72A79-1F7B-4B13-8436-4F402997ED36}.Debug|Any CPU.Build.0 = Debug|Any CPU
		{53E72A79-1F7B-4B13-8436-4F402997ED36}.Release|Any CPU.ActiveCfg = Release|Any CPU
		{53E72A79-1F7B-4B13-8436-4F402997ED36}.Release|Any CPU.Build.0 = Release|Any CPU
		{B250893E-AE5C-4B11-A133-60E1219C57CC}.Debug|Any CPU.ActiveCfg = Debug|Any CPU
		{B250893E-AE5C-4B11-A133-60E1219C57CC}.Debug|Any CPU.Build.0 = Debug|Any CPU
		{B250893E-AE5C-4B11-A133-60E1219C57CC}.Release|Any CPU.ActiveCfg = Release|Any CPU
		{B250893E-AE5C-4B11-A133-60E1219C57CC}.Release|Any CPU.Build.0 = Release|Any CPU
	EndGlobalSection
	GlobalSection(SolutionProperties) = preSolution
		HideSolutionNode = FALSE
	EndGlobalSection
	GlobalSection(ExtensibilityGlobals) = postSolution
		SolutionGuid = {A44FB4E8-8868-42D1-A376-588BB1A23609}
	EndGlobalSection
EndGlobal
